<?xml version="1.0" encoding="utf-8"?>
<Project ToolsVersion="4.0" xmlns="http://schemas.microsoft.com/developer/msbuild/2003">
  <ItemGroup>
    <ClCompile Include="SerialChannel.cpp" />
    <ClCompile Include="OneWireSlave.cpp" />
  </ItemGroup>
  <ItemGroup>
    <ClInclude Include="SerialChannel.h" />
    <ClInclude Include="LowLevel.h" />
    <ClInclude Include="OneWireSlave.h" />
  </ItemGroup>
  <ItemGroup>
    <CustomBuild Include="OneWireIO.ino" />
  </ItemGroup>
</Project>